{
  "version": "3",
  "remote": {
    "https://deno.land/x/avatar@v1.0.0/lib/background.ts": "183c23927699de5ce2cb196e7376df07364d6eb02d1394ff01f044be480aac85",
    "https://deno.land/x/avatar@v1.0.0/lib/body.ts": "88cce09b80d0deb3b5edbcaf1a005a7321adc0df61b4278f9b8670cad72fe1ef",
    "https://deno.land/x/avatar@v1.0.0/lib/eyes.ts": "f05250a147a6a81d2e0e157160ff32d2905f2c71d2562eca374c7ab16c359395",
    "https://deno.land/x/avatar@v1.0.0/lib/glasses.ts": "0e59f25a2e7fcc23491229282b14c96cd12a61815f36915758497160e6aab03b",
    "https://deno.land/x/avatar@v1.0.0/lib/hair.ts": "df29843156a3998f4c21b4eef9ec57926b3db96d59e4e6414490714e31ab2951",
    "https://deno.land/x/avatar@v1.0.0/lib/head.ts": "14fba544476bb76b2085008ec84d444fd7661a2cfb921bcadc54fd11ea5c0f04",
    "https://deno.land/x/avatar@v1.0.0/lib/mouth.ts": "b1745ef40934a92ae8cb40b8950f25342b127411864bc37a67b37abd1d5b4d48",
    "https://deno.land/x/avatar@v1.0.0/lib/mustache.ts": "5a7c0db4867f8c9a0f7f633e40219b90f692cda86d52f01d431a4cee2fc39c98",
    "https://deno.land/x/avatar@v1.0.0/lib/svg.ts": "bdd83e9b2b8045e8330ffbcdf30a0e2c2e699d1c50d1325000d9107b72d968ed",
    "https://deno.land/x/avatar@v1.0.0/mod.ts": "9377a54894686e953d9e793d02b2fb7277344c0847a7d845b3e82b4972463f63",
    "https://deno.land/x/avatar@v1.1.0/lib/collections/miniavs/background.ts": "183c23927699de5ce2cb196e7376df07364d6eb02d1394ff01f044be480aac85",
    "https://deno.land/x/avatar@v1.1.0/lib/collections/miniavs/body.ts": "5bc5081477509f3c84d7ce1684110688a7b60342f3273dd806d483efef9b5318",
    "https://deno.land/x/avatar@v1.1.0/lib/collections/miniavs/eyes.ts": "f05250a147a6a81d2e0e157160ff32d2905f2c71d2562eca374c7ab16c359395",
    "https://deno.land/x/avatar@v1.1.0/lib/collections/miniavs/glasses.ts": "0e59f25a2e7fcc23491229282b14c96cd12a61815f36915758497160e6aab03b",
    "https://deno.land/x/avatar@v1.1.0/lib/collections/miniavs/hair.ts": "3e35a324ea173e7ce989369f44d895b77d43916bbbce98d31c34f06d30b64b73",
    "https://deno.land/x/avatar@v1.1.0/lib/collections/miniavs/head.ts": "939163370977bb55e4acb3fa5e74ace56908943255289a962ac65ce7120f2fcf",
    "https://deno.land/x/avatar@v1.1.0/lib/collections/miniavs/index.ts": "1daa68242a1ba298757b633d7d425f93c3914dccc4edef923c328c0125c35497",
    "https://deno.land/x/avatar@v1.1.0/lib/collections/miniavs/mouth.ts": "b1745ef40934a92ae8cb40b8950f25342b127411864bc37a67b37abd1d5b4d48",
    "https://deno.land/x/avatar@v1.1.0/lib/collections/miniavs/mustache.ts": "5a7c0db4867f8c9a0f7f633e40219b90f692cda86d52f01d431a4cee2fc39c98",
    "https://deno.land/x/avatar@v1.1.0/lib/keys.ts": "703bc7cec761ec00da1344fefbbd60c46b3664634e37492917b33f2212bc1b9d",
    "https://deno.land/x/avatar@v1.1.0/lib/options.ts": "15daa924cf1760bf36ad790a304a6b3d772445804323fdf4c5e1e0a478f9c3b8",
    "https://deno.land/x/avatar@v1.1.0/lib/svg.ts": "ee619c428f332026b60d87aaeba75dfd39c2b3412cf5c51d8285e7ed4053dde0",
    "https://deno.land/x/avatar@v1.1.0/mod.ts": "9377a54894686e953d9e793d02b2fb7277344c0847a7d845b3e82b4972463f63",
    "https://deno.land/x/zod@v3.22.4/ZodError.ts": "4de18ff525e75a0315f2c12066b77b5c2ae18c7c15ef7df7e165d63536fdf2ea",
    "https://deno.land/x/zod@v3.22.4/errors.ts": "5285922d2be9700cc0c70c95e4858952b07ae193aa0224be3cbd5cd5567eabef",
    "https://deno.land/x/zod@v3.22.4/external.ts": "a6cfbd61e9e097d5f42f8a7ed6f92f93f51ff927d29c9fbaec04f03cbce130fe",
    "https://deno.land/x/zod@v3.22.4/helpers/enumUtil.ts": "54efc393cc9860e687d8b81ff52e980def00fa67377ad0bf8b3104f8a5bf698c",
    "https://deno.land/x/zod@v3.22.4/helpers/errorUtil.ts": "7a77328240be7b847af6de9189963bd9f79cab32bbc61502a9db4fe6683e2ea7",
    "https://deno.land/x/zod@v3.22.4/helpers/parseUtil.ts": "f791e6e65a0340d85ad37d26cd7a3ba67126cd9957eac2b7163162155283abb1",
    "https://deno.land/x/zod@v3.22.4/helpers/partialUtil.ts": "998c2fe79795257d4d1cf10361e74492f3b7d852f61057c7c08ac0a46488b7e7",
    "https://deno.land/x/zod@v3.22.4/helpers/typeAliases.ts": "0fda31a063c6736fc3cf9090dd94865c811dfff4f3cb8707b932bf937c6f2c3e",
    "https://deno.land/x/zod@v3.22.4/helpers/util.ts": "8baf19b19b2fca8424380367b90364b32503b6b71780269a6e3e67700bb02774",
    "https://deno.land/x/zod@v3.22.4/index.ts": "d27aabd973613985574bc31f39e45cb5d856aa122ef094a9f38a463b8ef1a268",
    "https://deno.land/x/zod@v3.22.4/locales/en.ts": "a7a25cd23563ccb5e0eed214d9b31846305ddbcdb9c5c8f508b108943366ab4c",
    "https://deno.land/x/zod@v3.22.4/mod.ts": "64e55237cb4410e17d968cd08975566059f27638ebb0b86048031b987ba251c4",
    "https://deno.land/x/zod@v3.22.4/types.ts": "724185522fafe43ee56a52333958764c8c8cd6ad4effa27b42651df873fc151e"
  }
}
